
Microsoft Visual Studio Solution File, Format Version 11.00
# Visual Studio 2010
Project("{FAE04EC0-301F-11D3-BF4B-00C04F79EFBC}") = "Crool.Package", "Crool.Package\Crool.Package.csproj", "{67B3A273-BE16-4896-A68D-608C80D31A48}"
	ProjectSection(ProjectDependencies) = postProject
		{395CDF45-D3EF-4768-A5FA-88F8E8D263FE} = {395CDF45-D3EF-4768-A5FA-88F8E8D263FE}
	EndProjectSection
EndProject
Project("{FAE04EC0-301F-11D3-BF4B-00C04F79EFBC}") = "Crool.Domain", "Crool.Domain\Crool.Domain.csproj", "{3DDA1D21-0035-439D-8B83-5E2747BCA207}"
EndProject
Project("{FAE04EC0-301F-11D3-BF4B-00C04F79EFBC}") = "Crool.DataAccess", "Crool.DataAccess\Crool.DataAccess.csproj", "{395CDF45-D3EF-4768-A5FA-88F8E8D263FE}"
EndProject
Project("{FAE04EC0-301F-11D3-BF4B-00C04F79EFBC}") = "Crool.Business", "Crool.Business\Crool.Business.csproj", "{BF0E473D-A174-46AE-B1A4-0FE9C2397994}"
EndProject
Global
	GlobalSection(SolutionConfigurationPlatforms) = preSolution
		Debug|Any CPU = Debug|Any CPU
		Release|Any CPU = Release|Any CPU
	EndGlobalSection
	GlobalSection(ProjectConfigurationPlatforms) = postSolution
		{67B3A273-BE16-4896-A68D-608C80D31A48}.Debug|Any CPU.ActiveCfg = Debug|Any CPU
		{67B3A273-BE16-4896-A68D-608C80D31A48}.Debug|Any CPU.Build.0 = Debug|Any CPU
		{67B3A273-BE16-4896-A68D-608C80D31A48}.Release|Any CPU.ActiveCfg = Release|Any CPU
		{67B3A273-BE16-4896-A68D-608C80D31A48}.Release|Any CPU.Build.0 = Release|Any CPU
		{3DDA1D21-0035-439D-8B83-5E2747BCA207}.Debug|Any CPU.ActiveCfg = Debug|Any CPU
		{3DDA1D21-0035-439D-8B83-5E2747BCA207}.Debug|Any CPU.Build.0 = Debug|Any CPU
		{3DDA1D21-0035-439D-8B83-5E2747BCA207}.Release|Any CPU.ActiveCfg = Release|Any CPU
		{3DDA1D21-0035-439D-8B83-5E2747BCA207}.Release|Any CPU.Build.0 = Release|Any CPU
		{395CDF45-D3EF-4768-A5FA-88F8E8D263FE}.Debug|Any CPU.ActiveCfg = Debug|Any CPU
		{395CDF45-D3EF-4768-A5FA-88F8E8D263FE}.Debug|Any CPU.Build.0 = Debug|Any CPU
		{395CDF45-D3EF-4768-A5FA-88F8E8D263FE}.Release|Any CPU.ActiveCfg = Release|Any CPU
		{395CDF45-D3EF-4768-A5FA-88F8E8D263FE}.Release|Any CPU.Build.0 = Release|Any CPU
		{BF0E473D-A174-46AE-B1A4-0FE9C2397994}.Debug|Any CPU.ActiveCfg = Debug|Any CPU
		{BF0E473D-A174-46AE-B1A4-0FE9C2397994}.Debug|Any CPU.Build.0 = Debug|Any CPU
		{BF0E473D-A174-46AE-B1A4-0FE9C2397994}.Release|Any CPU.ActiveCfg = Release|Any CPU
		{BF0E473D-A174-46AE-B1A4-0FE9C2397994}.Release|Any CPU.Build.0 = Release|Any CPU
	EndGlobalSection
	GlobalSection(SolutionProperties) = preSolution
		HideSolutionNode = FALSE
	EndGlobalSection
EndGlobal
